{
  "name": "jsplumb_tryout",
  "version": "1.0.0",
  "lockfileVersion": 1,
  "requires": true,
  "dependencies": {
    "jsplumb": {
      "version": "2.10.1",
      "resolved": "https://registry.npmjs.org/jsplumb/-/jsplumb-2.10.1.tgz",
      "integrity": "sha512-5tRaBFeo0fD7huYc9doVEAya6UtoKamoqHqgpGAfkknF0fw+b0a8NPepRo2CX277AjjUarIn/tXAl9WAJ4JCEg=="
    }
  }
}
